// !$*UTF8*$!
{
	archiveVersion = 1;
	classes = {
	};
	objectVersion = 56;
	objects = {

/* Begin PBXBuildFile section */
		C133F8F429E0B5900012EEDD /* AppDelegate.swift in Sources */ = {isa = PBXBuildFile; fileRef = C133F8F329E0B5900012EEDD /* AppDelegate.swift */; };
		C133F8F629E0B5900012EEDD /* SceneDelegate.swift in Sources */ = {isa = PBXBuildFile; fileRef = C133F8F529E0B5900012EEDD /* SceneDelegate.swift */; };
		C133F8F829E0B5900012EEDD /* ViewController.swift in Sources */ = {isa = PBXBuildFile; fileRef = C133F8F729E0B5900012EEDD /* ViewController.swift */; };
		C133F8FB29E0B5900012EEDD /* Main.storyboard in Resources */ = {isa = PBXBuildFile; fileRef = C133F8F929E0B5900012EEDD /* Main.storyboard */; };
		C133F8FD29E0B5920012EEDD /* Assets.xcassets in Resources */ = {isa = PBXBuildFile; fileRef = C133F8FC29E0B5920012EEDD /* Assets.xcassets */; };
		C133F90029E0B5920012EEDD /* LaunchScreen.storyboard in Resources */ = {isa = PBXBuildFile; fileRef = C133F8FE29E0B5920012EEDD /* LaunchScreen.storyboard */; };
		C133F90829E0C52F0012EEDD /* ResultViewController.swift in Sources */ = {isa = PBXBuildFile; fileRef = C133F90729E0C52F0012EEDD /* ResultViewController.swift */; };
/* End PBXBuildFile section */

/* Begin PBXFileReference section */
		C133F8F029E0B5900012EEDD /* Divide-and-Conquer-iOS16.app */ = {isa = PBXFileReference; explicitFileType = wrapper.application; includeInIndex = 0; path = "Divide-and-Conquer-iOS16.app"; sourceTree = BUILT_PRODUCTS_DIR; };
		C133F8F329E0B5900012EEDD /* AppDelegate.swift */ = {isa = PBXFileReference; lastKnownFileType = sourcecode.swift; path = AppDelegate.swift; sourceTree = "<group>"; };
		C133F8F529E0B5900012EEDD /* SceneDelegate.swift */ = {isa = PBXFileReference; lastKnownFileType = sourcecode.swift; path = SceneDelegate.swift; sourceTree = "<group>"; };
		C133F8F729E0B5900012EEDD /* ViewController.swift */ = {isa = PBXFileReference; lastKnownFileType = sourcecode.swift; path = ViewController.swift; sourceTree = "<group>"; };
		C133F8FA29E0B5900012EEDD /* Base */ = {isa = PBXFileReference; lastKnownFileType = file.storyboard; name = Base; path = Base.lproj/Main.storyboard; sourceTree = "<group>"; };
		C133F8FC29E0B5920012EEDD /* Assets.xcassets */ = {isa = PBXFileReference; lastKnownFileType = folder.assetcatalog; path = Assets.xcassets; sourceTree = "<group>"; };
		C133F8FF29E0B5920012EEDD /* Base */ = {isa = PBXFileReference; lastKnownFileType = file.storyboard; name = Base; path = Base.lproj/LaunchScreen.storyboard; sourceTree = "<group>"; };
		C133F90129E0B5920012EEDD /* Info.plist */ = {isa = PBXFileReference; lastKnownFileType = text.plist.xml; path = Info.plist; sourceTree = "<group>"; };
		C133F90729E0C52F0012EEDD /* ResultViewController.swift */ = {isa = PBXFileReference; lastKnownFileType = sourcecode.swift; path = ResultViewController.swift; sourceTree = "<group>"; };
/* End PBXFileReference section */

/* Begin PBXFrameworksBuildPhase section */
		C133F8ED29E0B5900012EEDD /* Frameworks */ = {
			isa = PBXFrameworksBuildPhase;
			buildActionMask = 2147483647;
			files = (
			);
			runOnlyForDeploymentPostprocessing = 0;
		};
/* End PBXFrameworksBuildPhase section */

/* Begin PBXGroup section */
		C133F8E729E0B58F0012EEDD = {
			isa = PBXGroup;
			children = (
				C133F8F229E0B5900012EEDD /* Divide-and-Conquer-iOS16 */,
				C133F8F129E0B5900012EEDD /* Products */,
			);
			sourceTree = "<group>";
		};
		C133F8F129E0B5900012EEDD /* Products */ = {
			isa = PBXGroup;
			children = (
				C133F8F029E0B5900012EEDD /* Divide-and-Conquer-iOS16.app */,
			);
			name = Products;
			sourceTree = "<group>";
		};
		C133F8F229E0B5900012EEDD /* Divide-and-Conquer-iOS16 */ = {
			isa = PBXGroup;
			children = (
				C133F8F329E0B5900012EEDD /* AppDelegate.swift */,
				C133F8F529E0B5900012EEDD /* SceneDelegate.swift */,
				C144869B29E4E56400EC9036 /* Controller */,
				C144869A29E4E55700EC9036 /* View */,
				C133F8FC29E0B5920012EEDD /* Assets.xcassets */,
				C133F8FE29E0B5920012EEDD /* LaunchScreen.storyboard */,
				C133F90129E0B5920012EEDD /* Info.plist */,
			);
			path = "Divide-and-Conquer-iOS16";
			sourceTree = "<group>";
		};
		C144869A29E4E55700EC9036 /* View */ = {
			isa = PBXGroup;
			children = (
				C133F8F929E0B5900012EEDD /* Main.storyboard */,
			);
			path = View;
			sourceTree = "<group>";
		};
		C144869B29E4E56400EC9036 /* Controller */ = {
			isa = PBXGroup;
			children = (
				C133F8F729E0B5900012EEDD /* ViewController.swift */,
				C133F90729E0C52F0012EEDD /* ResultViewController.swift */,
			);
			path = Controller;
			sourceTree = "<group>";
		};
/* End PBXGroup section */

/* Begin PBXNativeTarget section */
		C133F8EF29E0B5900012EEDD /* Divide-and-Conquer-iOS16 */ = {
			isa = PBXNativeTarget;
			buildConfigurationList = C133F90429E0B5920012EEDD /* Build configuration list for PBXNativeTarget "Divide-and-Conquer-iOS16" */;
			buildPhases = (
				C133F8EC29E0B5900012EEDD /* Sources */,
				C133F8ED29E0B5900012EEDD /* Frameworks */,
				C133F8EE29E0B5900012EEDD /* Resources */,
			);
			buildRules = (
			);
			dependencies = (
			);
			name = "Divide-and-Conquer-iOS16";
			productName = "Divide-and-Conquer-iOS16";
			productReference = C133F8F029E0B5900012EEDD /* Divide-and-Conquer-iOS16.app */;
			productType = "com.apple.product-type.application";
		};
/* End PBXNativeTarget section */

/* Begin PBXProject section */
		C133F8E829E0B58F0012EEDD /* Project object */ = {
			isa = PBXProject;
			attributes = {
				BuildIndependentTargetsInParallel = 1;
				LastSwiftUpdateCheck = 1430;
				LastUpgradeCheck = 1430;
				TargetAttributes = {
					C133F8EF29E0B5900012EEDD = {
						CreatedOnToolsVersion = 14.3;
					};
				};
			};
			buildConfigurationList = C133F8EB29E0B58F0012EEDD /* Build configuration list for PBXProject "Divide-and-Conquer-iOS16" */;
			compatibilityVersion = "Xcode 14.0";
			developmentRegion = en;
			hasScannedForEncodings = 0;
			knownRegions = (
				en,
				Base,
			);
			mainGroup = C133F8E729E0B58F0012EEDD;
			productRefGroup = C133F8F129E0B5900012EEDD /* Products */;
			projectDirPath = "";
			projectRoot = "";
			targets = (
				C133F8EF29E0B5900012EEDD /* Divide-and-Conquer-iOS16 */,
			);
		};
/* End PBXProject section */

/* Begin PBXResourcesBuildPhase section */
		C133F8EE29E0B5900012EEDD /* Resources */ = {
			isa = PBXResourcesBuildPhase;
			buildActionMask = 2147483647;
			files = (
				C133F90029E0B5920012EEDD /* LaunchScreen.storyboard in Resources */,
				C133F8FD29E0B5920012EEDD /* Assets.xcassets in Resources */,
				C133F8FB29E0B5900012EEDD /* Main.storyboard in Resources */,
			);
			runOnlyForDeploymentPostprocessing = 0;
		};
/* End PBXResourcesBuildPhase section */

/* Begin PBXSourcesBuildPhase section */
		C133F8EC29E0B5900012EEDD /* Sources */ = {
			isa = PBXSourcesBuildPhase;
			buildActionMask = 2147483647;
			files = (
				C133F8F829E0B5900012EEDD /* ViewController.swift in Sources */,
				C133F8F429E0B5900012EEDD /* AppDelegate.swift in Sources */,
				C133F8F629E0B5900012EEDD /* SceneDelegate.swift in Sources */,
				C133F90829E0C52F0012EEDD /* ResultViewController.swift in Sources */,
			);
			runOnlyForDeploymentPostprocessing = 0;
		};
/* End PBXSourcesBuildPhase section */

/* Begin PBXVariantGroup section */
		C133F8F929E0B5900012EEDD /* Main.storyboard */ = {
			isa = PBXVariantGroup;
			children = (
				C133F8FA29E0B5900012EEDD /* Base */,
			);
			name = Main.storyboard;
			sourceTree = "<group>";
		};
		C133F8FE29E0B5920012EEDD /* LaunchScreen.storyboard */ = {
			isa = PBXVariantGroup;
			children = (
				C133F8FF29E0B5920012EEDD /* Base */,
			);
			name = LaunchScreen.storyboard;
			sourceTree = "<group>";
		};
/* End PBXVariantGroup section */

/* Begin XCBuildConfiguration section */
		C133F90229E0B5920012EEDD /* Debug */ = {
			isa = XCBuildConfiguration;
			buildSettings = {
				ALWAYS_SEARCH_USER_PATHS = NO;
				CLANG_ANALYZER_NONNULL = YES;
				CLANG_ANALYZER_NUMBER_OBJECT_CONVERSION = YES_AGGRESSIVE;
				CLANG_CXX_LANGUAGE_STANDARD = "gnu++20";
				CLANG_ENABLE_MODULES = YES;
				CLANG_ENABLE_OBJC_ARC = YES;
				CLANG_ENABLE_OBJC_WEAK = YES;
				CLANG_WARN_BLOCK_CAPTURE_AUTORELEASING = YES;
				CLANG_WARN_BOOL_CONVERSION = YES;
				CLANG_WARN_COMMA = YES;
				CLANG_WARN_CONSTANT_CONVERSION = YES;
				CLANG_WARN_DEPRECATED_OBJC_IMPLEMENTATIONS = YES;
				CLANG_WARN_DIRECT_OBJC_ISA_USAGE = YES_ERROR;
				CLANG_WARN_DOCUMENTATION_COMMENTS = YES;
				CLANG_WARN_EMPTY_BODY = YES;
				CLANG_WARN_ENUM_CONVERSION = YES;
				CLANG_WARN_INFINITE_RECURSION = YES;
				CLANG_WARN_INT_CONVERSION = YES;
				CLANG_WARN_NON_LITERAL_NULL_CONVERSION = YES;
				CLANG_WARN_OBJC_IMPLICIT_RETAIN_SELF = YES;
				CLANG_WARN_OBJC_LITERAL_CONVERSION = YES;
				CLANG_WARN_OBJC_ROOT_CLASS = YES_ERROR;
				CLANG_WARN_QUOTED_INCLUDE_IN_FRAMEWORK_HEADER = YES;
				CLANG_WARN_RANGE_LOOP_ANALYSIS = YES;
				CLANG_WARN_STRICT_PROTOTYPES = YES;
				CLANG_WARN_SUSPICIOUS_MOVE = YES;
				CLANG_WARN_UNGUARDED_AVAILABILITY = YES_AGGRESSIVE;
				CLANG_WARN_UNREACHABLE_CODE = YES;
				CLANG_WARN__DUPLICATE_METHOD_MATCH = YES;
				COPY_PHASE_STRIP = NO;
				DEBUG_INFORMATION_FORMAT = dwarf;
				ENABLE_STRICT_OBJC_MSGSEND = YES;
				ENABLE_TESTABILITY = YES;
				GCC_C_LANGUAGE_STANDARD = gnu11;
				GCC_DYNAMIC_NO_PIC = NO;
				GCC_NO_COMMON_BLOCKS = YES;
				GCC_OPTIMIZATION_LEVEL = 0;
				GCC_PREPROCESSOR_DEFINITIONS = (
					"DEBUG=1",
					"$(inherited)",
				);
				GCC_WARN_64_TO_32_BIT_CONVERSION = YES;
				GCC_WARN_ABOUT_RETURN_TYPE = YES_ERROR;
				GCC_WARN_UNDECLARED_SELECTOR = YES;
				GCC_WARN_UNINITIALIZED_AUTOS = YES_AGGRESSIVE;
				GCC_WARN_UNUSED_FUNCTION = YES;
				GCC_WARN_UNUSED_VARIABLE = YES;
				IPHONEOS_DEPLOYMENT_TARGET = 16.4;
				MTL_ENABLE_DEBUG_INFO = INCLUDE_SOURCE;
				MTL_FAST_MATH = YES;
				ONLY_ACTIVE_ARCH = YES;
				SDKROOT = iphoneos;
				SWIFT_ACTIVE_COMPILATION_CONDITIONS = DEBUG;
				SWIFT_OPTIMIZATION_LEVEL = "-Onone";
			};
			name = Debug;
		};
		C133F90329E0B5920012EEDD /* Release */ = {
			isa = XCBuildConfiguration;
			buildSettings = {
				ALWAYS_SEARCH_USER_PATHS = NO;
				CLANG_ANALYZER_NONNULL = YES;
				CLANG_ANALYZER_NUMBER_OBJECT_CONVERSION = YES_AGGRESSIVE;
				CLANG_CXX_LANGUAGE_STANDARD = "gnu++20";
				CLANG_ENABLE_MODULES = YES;
				CLANG_ENABLE_OBJC_ARC = YES;
				CLANG_ENABLE_OBJC_WEAK = YES;
				CLANG_WARN_BLOCK_CAPTURE_AUTORELEASING = YES;
				CLANG_WARN_BOOL_CONVERSION = YES;
				CLANG_WARN_COMMA = YES;
				CLANG_WARN_CONSTANT_CONVERSION = YES;
				CLANG_WARN_DEPRECATED_OBJC_IMPLEMENTATIONS = YES;
				CLANG_WARN_DIRECT_OBJC_ISA_USAGE = YES_ERROR;
				CLANG_WARN_DOCUMENTATION_COMMENTS = YES;
				CLANG_WARN_EMPTY_BODY = YES;
				CLANG_WARN_ENUM_CONVERSION = YES;
				CLANG_WARN_INFINITE_RECURSION = YES;
				CLANG_WARN_INT_CONVERSION = YES;
				CLANG_WARN_NON_LITERAL_NULL_CONVERSION = YES;
				CLANG_WARN_OBJC_IMPLICIT_RETAIN_SELF = YES;
				CLANG_WARN_OBJC_LITERAL_CONVERSION = YES;
				CLANG_WARN_OBJC_ROOT_CLASS = YES_ERROR;
				CLANG_WARN_QUOTED_INCLUDE_IN_FRAMEWORK_HEADER = YES;
				CLANG_WARN_RANGE_LOOP_ANALYSIS = YES;
				CLANG_WARN_STRICT_PROTOTYPES = YES;
				CLANG_WARN_SUSPICIOUS_MOVE = YES;
				CLANG_WARN_UNGUARDED_AVAILABILITY = YES_AGGRESSIVE;
				CLANG_WARN_UNREACHABLE_CODE = YES;
				CLANG_WARN__DUPLICATE_METHOD_MATCH = YES;
				COPY_PHASE_STRIP = NO;
				DEBUG_INFORMATION_FORMAT = "dwarf-with-dsym";
				ENABLE_NS_ASSERTIONS = NO;
				ENABLE_STRICT_OBJC_MSGSEND = YES;
				GCC_C_LANGUAGE_STANDARD = gnu11;
				GCC_NO_COMMON_BLOCKS = YES;
				GCC_WARN_64_TO_32_BIT_CONVERSION = YES;
				GCC_WARN_ABOUT_RETURN_TYPE = YES_ERROR;
				GCC_WARN_UNDECLARED_SELECTOR = YES;
				GCC_WARN_UNINITIALIZED_AUTOS = YES_AGGRESSIVE;
				GCC_WARN_UNUSED_FUNCTION = YES;
				GCC_WARN_UNUSED_VARIABLE = YES;
				IPHONEOS_DEPLOYMENT_TARGET = 16.4;
				MTL_ENABLE_DEBUG_INFO = NO;
				MTL_FAST_MATH = YES;
				SDKROOT = iphoneos;
				SWIFT_COMPILATION_MODE = wholemodule;
				SWIFT_OPTIMIZATION_LEVEL = "-O";
				VALIDATE_PRODUCT = YES;
			};
			name = Release;
		};
		C133F90529E0B5920012EEDD /* Debug */ = {
			isa = XCBuildConfiguration;
			buildSettings = {
				ASSETCATALOG_COMPILER_APPICON_NAME = AppIcon;
				ASSETCATALOG_COMPILER_GLOBAL_ACCENT_COLOR_NAME = AccentColor;
				CODE_SIGN_STYLE = Automatic;
				CURRENT_PROJECT_VERSION = 1;
				GENERATE_INFOPLIST_FILE = YES;
				INFOPLIST_FILE = "Divide-and-Conquer-iOS16/Info.plist";
				INFOPLIST_KEY_UIApplicationSupportsIndirectInputEvents = YES;
				INFOPLIST_KEY_UILaunchStoryboardName = LaunchScreen;
				INFOPLIST_KEY_UIMainStoryboardFile = Main;
				INFOPLIST_KEY_UISupportedInterfaceOrientations = UIInterfaceOrientationPortrait;
				INFOPLIST_KEY_UISupportedInterfaceOrientations_iPad = "UIInterfaceOrientationPortrait UIInterfaceOrientationPortraitUpsideDown";
				LD_RUNPATH_SEARCH_PATHS = (
					"$(inherited)",
					"@executable_path/Frameworks",
				);
				MARKETING_VERSION = 1.0;
				PRODUCT_BUNDLE_IDENTIFIER = "com.guilhermemello.Divide-and-Conquer-iOS16";
				PRODUCT_NAME = "$(TARGET_NAME)";
				SWIFT_EMIT_LOC_STRINGS = YES;
				SWIFT_VERSION = 5.0;
				TARGETED_DEVICE_FAMILY = "1,2";
			};
			name = Debug;
		};
		C133F90629E0B5920012EEDD /* Release */ = {
			isa = XCBuildConfiguration;
			buildSettings = {
				ASSETCATALOG_COMPILER_APPICON_NAME = AppIcon;
				ASSETCATALOG_COMPILER_GLOBAL_ACCENT_COLOR_NAME = AccentColor;
				CODE_SIGN_STYLE = Automatic;
				CURRENT_PROJECT_VERSION = 1;
				GENERATE_INFOPLIST_FILE = YES;
				INFOPLIST_FILE = "Divide-and-Conquer-iOS16/Info.plist";
				INFOPLIST_KEY_UIApplicationSupportsIndirectInputEvents = YES;
				INFOPLIST_KEY_UILaunchStoryboardName = LaunchScreen;
				INFOPLIST_KEY_UIMainStoryboardFile = Main;
				INFOPLIST_KEY_UISupportedInterfaceOrientations = UIInterfaceOrientationPortrait;
				INFOPLIST_KEY_UISupportedInterfaceOrientations_iPad = "UIInterfaceOrientationPortrait UIInterfaceOrientationPortraitUpsideDown";
				LD_RUNPATH_SEARCH_PATHS = (
					"$(inherited)",
					"@executable_path/Frameworks",
				);
				MARKETING_VERSION = 1.0;
				PRODUCT_BUNDLE_IDENTIFIER = "com.guilhermemello.Divide-and-Conquer-iOS16";
				PRODUCT_NAME = "$(TARGET_NAME)";
				SWIFT_EMIT_LOC_STRINGS = YES;
				SWIFT_VERSION = 5.0;
				TARGETED_DEVICE_FAMILY = "1,2";
			};
			name = Release;
		};
/* End XCBuildConfiguration section */

/* Begin XCConfigurationList section */
		C133F8EB29E0B58F0012EEDD /* Build configuration list for PBXProject "Divide-and-Conquer-iOS16" */ = {
			isa = XCConfigurationList;
			buildConfigurations = (
				C133F90229E0B5920012EEDD /* Debug */,
				C133F90329E0B5920012EEDD /* Release */,
			);
			defaultConfigurationIsVisible = 0;
			defaultConfigurationName = Release;
		};
		C133F90429E0B5920012EEDD /* Build configuration list for PBXNativeTarget "Divide-and-Conquer-iOS16" */ = {
			isa = XCConfigurationList;
			buildConfigurations = (
				C133F90529E0B5920012EEDD /* Debug */,
				C133F90629E0B5920012EEDD /* Release */,
			);
			defaultConfigurationIsVisible = 0;
			defaultConfigurationName = Release;
		};
/* End XCConfigurationList section */
	};
	rootObject = C133F8E829E0B58F0012EEDD /* Project object */;
}
